
Microsoft Visual Studio Solution File, Format Version 12.00
# Visual Studio Version 17
VisualStudioVersion = 17.9.34723.18
MinimumVisualStudioVersion = 10.0.40219.1
Project("{FAE04EC0-301F-11D3-BF4B-00C04F79EFBC}") = "Criepto", "Criepto\Criepto.csproj", "{DFFB3BDA-2C9E-4E7A-8CE3-B34DEEB4D4E4}"
EndProject
Project("{FAE04EC0-301F-11D3-BF4B-00C04F79EFBC}") = "ForYourEyesOnly", "ForYourEyesOnly\ForYourEyesOnly.csproj", "{17B31748-1C72-4631-9728-851052AB7955}"
EndProject
Global
	GlobalSection(SolutionConfigurationPlatforms) = preSolution
		Debug|Any CPU = Debug|Any CPU
		Release|Any CPU = Release|Any CPU
	EndGlobalSection
	GlobalSection(ProjectConfigurationPlatforms) = postSolution
		{DFFB3BDA-2C9E-4E7A-8CE3-B34DEEB4D4E4}.Debug|Any CPU.ActiveCfg = Debug|Any CPU
		{DFFB3BDA-2C9E-4E7A-8CE3-B34DEEB4D4E4}.Debug|Any CPU.Build.0 = Debug|Any CPU
		{DFFB3BDA-2C9E-4E7A-8CE3-B34DEEB4D4E4}.Release|Any CPU.ActiveCfg = Release|Any CPU
		{DFFB3BDA-2C9E-4E7A-8CE3-B34DEEB4D4E4}.Release|Any CPU.Build.0 = Release|Any CPU
		{17B31748-1C72-4631-9728-851052AB7955}.Debug|Any CPU.ActiveCfg = Debug|Any CPU
		{17B31748-1C72-4631-9728-851052AB7955}.Debug|Any CPU.Build.0 = Debug|Any CPU
		{17B31748-1C72-4631-9728-851052AB7955}.Release|Any CPU.ActiveCfg = Release|Any CPU
		{17B31748-1C72-4631-9728-851052AB7955}.Release|Any CPU.Build.0 = Release|Any CPU
	EndGlobalSection
	GlobalSection(SolutionProperties) = preSolution
		HideSolutionNode = FALSE
	EndGlobalSection
	GlobalSection(ExtensibilityGlobals) = postSolution
		SolutionGuid = {D81092B1-325A-48D5-8E84-7311BBD6415E}
	EndGlobalSection
EndGlobal
